
Microsoft Visual Studio Solution File, Format Version 12.00
# Visual Studio 15
VisualStudioVersion = 15.0.28307.329
MinimumVisualStudioVersion = 10.0.40219.1
Project("{FAE04EC0-301F-11D3-BF4B-00C04F79EFBC}") = "DBFirstRepository", "DBFirstRepository\DBFirstRepository.csproj", "{E26A2617-DDAA-464F-8A29-521D04B58631}"
EndProject
Global
	GlobalSection(SolutionConfigurationPlatforms) = preSolution
		Debug|Any CPU = Debug|Any CPU
		Release|Any CPU = Release|Any CPU
	EndGlobalSection
	GlobalSection(ProjectConfigurationPlatforms) = postSolution
		{E26A2617-DDAA-464F-8A29-521D04B58631}.Debug|Any CPU.ActiveCfg = Debug|Any CPU
		{E26A2617-DDAA-464F-8A29-521D04B58631}.Debug|Any CPU.Build.0 = Debug|Any CPU
		{E26A2617-DDAA-464F-8A29-521D04B58631}.Release|Any CPU.ActiveCfg = Release|Any CPU
		{E26A2617-DDAA-464F-8A29-521D04B58631}.Release|Any CPU.Build.0 = Release|Any CPU
	EndGlobalSection
	GlobalSection(SolutionProperties) = preSolution
		HideSolutionNode = FALSE
	EndGlobalSection
	GlobalSection(ExtensibilityGlobals) = postSolution
		SolutionGuid = {DC6EFEAA-65CC-46C8-904D-CBF77BEE3741}
	EndGlobalSection
EndGlobal
